
Microsoft Visual Studio Solution File, Format Version 12.00
# Visual Studio 15
VisualStudioVersion = 15.0.36217.24
MinimumVisualStudioVersion = 10.0.40219.1
Project("{FAE04EC0-301F-11D3-BF4B-00C04F79EFBC}") = "HR", "HR\HR.csproj", "{FD1CBA8A-670E-49DA-BC06-6705D71CF3DD}"
EndProject
Global
	GlobalSection(SolutionConfigurationPlatforms) = preSolution
		Debug|Any CPU = Debug|Any CPU
		Release|Any CPU = Release|Any CPU
	EndGlobalSection
	GlobalSection(ProjectConfigurationPlatforms) = postSolution
		{FD1CBA8A-670E-49DA-BC06-6705D71CF3DD}.Debug|Any CPU.ActiveCfg = Debug|Any CPU
		{FD1CBA8A-670E-49DA-BC06-6705D71CF3DD}.Debug|Any CPU.Build.0 = Debug|Any CPU
		{FD1CBA8A-670E-49DA-BC06-6705D71CF3DD}.Release|Any CPU.ActiveCfg = Release|Any CPU
		{FD1CBA8A-670E-49DA-BC06-6705D71CF3DD}.Release|Any CPU.Build.0 = Release|Any CPU
	EndGlobalSection
	GlobalSection(SolutionProperties) = preSolution
		HideSolutionNode = FALSE
	EndGlobalSection
	GlobalSection(ExtensibilityGlobals) = postSolution
		SolutionGuid = {201857C4-8D6A-4E08-8DCF-0F9DAFD95F0A}
	EndGlobalSection
EndGlobal
